// !$*UTF8*$!
{
	archiveVersion = 1;
	classes = {
	};
	objectVersion = 50;
	objects = {

/* Begin PBXBuildFile section */
		99251D42235E09400060D9FF /* AppDelegate.swift in Sources */ = {isa = PBXBuildFile; fileRef = 99251D41235E09400060D9FF /* AppDelegate.swift */; };
		99251D44235E09400060D9FF /* SceneDelegate.swift in Sources */ = {isa = PBXBuildFile; fileRef = 99251D43235E09400060D9FF /* SceneDelegate.swift */; };
		99251D49235E09400060D9FF /* Main.storyboard in Resources */ = {isa = PBXBuildFile; fileRef = 99251D47235E09400060D9FF /* Main.storyboard */; };
		99251D4B235E09420060D9FF /* Assets.xcassets in Resources */ = {isa = PBXBuildFile; fileRef = 99251D4A235E09420060D9FF /* Assets.xcassets */; };
		99251D4E235E09420060D9FF /* LaunchScreen.storyboard in Resources */ = {isa = PBXBuildFile; fileRef = 99251D4C235E09420060D9FF /* LaunchScreen.storyboard */; };
		99480ADB235F5DBD00DC1D48 /* DateFormatters.swift in Sources */ = {isa = PBXBuildFile; fileRef = 99480ADA235F5DBD00DC1D48 /* DateFormatters.swift */; };
		99480ADD235F767700DC1D48 /* Tag.swift in Sources */ = {isa = PBXBuildFile; fileRef = 99480ADC235F767700DC1D48 /* Tag.swift */; };
		99480AE1235FA13300DC1D48 /* PickerDelegates.swift in Sources */ = {isa = PBXBuildFile; fileRef = 99480AE0235FA13300DC1D48 /* PickerDelegates.swift */; };
		9972B506235E09A30015E56B /* Default-568h@2x.png in Resources */ = {isa = PBXBuildFile; fileRef = 9972B505235E09A30015E56B /* Default-568h@2x.png */; };
		9972B508235E0A2E0015E56B /* CountdownsTableViewController.swift in Sources */ = {isa = PBXBuildFile; fileRef = 9972B507235E0A2E0015E56B /* CountdownsTableViewController.swift */; };
		9972B50B235E0A480015E56B /* CountdownTableViewCell.swift in Sources */ = {isa = PBXBuildFile; fileRef = 9972B50A235E0A480015E56B /* CountdownTableViewCell.swift */; };
		9972B510235E0AA00015E56B /* Strings.swift in Sources */ = {isa = PBXBuildFile; fileRef = 9972B50F235E0AA00015E56B /* Strings.swift */; };
		998FB4582361029C00B1AF60 /* Notifications.swift in Sources */ = {isa = PBXBuildFile; fileRef = 998FB4572361029C00B1AF60 /* Notifications.swift */; };
		99EF7D08235E13990092F4AB /* EventDetailViewController.swift in Sources */ = {isa = PBXBuildFile; fileRef = 99EF7D07235E13990092F4AB /* EventDetailViewController.swift */; };
		99EF7D0C235E14690092F4AB /* SortFilterViewController.swift in Sources */ = {isa = PBXBuildFile; fileRef = 99EF7D0B235E14690092F4AB /* SortFilterViewController.swift */; };
		99EF7D0E235E14D90092F4AB /* AddEditEventViewController.swift in Sources */ = {isa = PBXBuildFile; fileRef = 99EF7D0D235E14D90092F4AB /* AddEditEventViewController.swift */; };
		99EF7D12235E18DE0092F4AB /* Event.swift in Sources */ = {isa = PBXBuildFile; fileRef = 99EF7D11235E18DE0092F4AB /* Event.swift */; };
		99EF7D14235E18EA0092F4AB /* EventController.swift in Sources */ = {isa = PBXBuildFile; fileRef = 99EF7D13235E18EA0092F4AB /* EventController.swift */; };
/* End PBXBuildFile section */

/* Begin PBXFileReference section */
		99251D3E235E09400060D9FF /* Countdowns.app */ = {isa = PBXFileReference; explicitFileType = wrapper.application; includeInIndex = 0; path = Countdowns.app; sourceTree = BUILT_PRODUCTS_DIR; };
		99251D41235E09400060D9FF /* AppDelegate.swift */ = {isa = PBXFileReference; lastKnownFileType = sourcecode.swift; path = AppDelegate.swift; sourceTree = "<group>"; };
		99251D43235E09400060D9FF /* SceneDelegate.swift */ = {isa = PBXFileReference; lastKnownFileType = sourcecode.swift; path = SceneDelegate.swift; sourceTree = "<group>"; };
		99251D48235E09400060D9FF /* Base */ = {isa = PBXFileReference; lastKnownFileType = file.storyboard; name = Base; path = Base.lproj/Main.storyboard; sourceTree = "<group>"; };
		99251D4A235E09420060D9FF /* Assets.xcassets */ = {isa = PBXFileReference; lastKnownFileType = folder.assetcatalog; path = Assets.xcassets; sourceTree = "<group>"; };
		99251D4D235E09420060D9FF /* Base */ = {isa = PBXFileReference; lastKnownFileType = file.storyboard; name = Base; path = Base.lproj/LaunchScreen.storyboard; sourceTree = "<group>"; };
		99251D4F235E09420060D9FF /* Info.plist */ = {isa = PBXFileReference; lastKnownFileType = text.plist.xml; path = Info.plist; sourceTree = "<group>"; };
		99480ADA235F5DBD00DC1D48 /* DateFormatters.swift */ = {isa = PBXFileReference; lastKnownFileType = sourcecode.swift; path = DateFormatters.swift; sourceTree = "<group>"; };
		99480ADC235F767700DC1D48 /* Tag.swift */ = {isa = PBXFileReference; lastKnownFileType = sourcecode.swift; path = Tag.swift; sourceTree = "<group>"; };
		99480AE0235FA13300DC1D48 /* PickerDelegates.swift */ = {isa = PBXFileReference; lastKnownFileType = sourcecode.swift; path = PickerDelegates.swift; sourceTree = "<group>"; };
		9972B505235E09A30015E56B /* Default-568h@2x.png */ = {isa = PBXFileReference; lastKnownFileType = image.png; path = "Default-568h@2x.png"; sourceTree = "<group>"; };
		9972B507235E0A2E0015E56B /* CountdownsTableViewController.swift */ = {isa = PBXFileReference; lastKnownFileType = sourcecode.swift; path = CountdownsTableViewController.swift; sourceTree = "<group>"; };
		9972B50A235E0A480015E56B /* CountdownTableViewCell.swift */ = {isa = PBXFileReference; lastKnownFileType = sourcecode.swift; path = CountdownTableViewCell.swift; sourceTree = "<group>"; };
		9972B50F235E0AA00015E56B /* Strings.swift */ = {isa = PBXFileReference; lastKnownFileType = sourcecode.swift; path = Strings.swift; sourceTree = "<group>"; };
		998FB4572361029C00B1AF60 /* Notifications.swift */ = {isa = PBXFileReference; lastKnownFileType = sourcecode.swift; path = Notifications.swift; sourceTree = "<group>"; };
		99EF7D07235E13990092F4AB /* EventDetailViewController.swift */ = {isa = PBXFileReference; lastKnownFileType = sourcecode.swift; path = EventDetailViewController.swift; sourceTree = "<group>"; };
		99EF7D0B235E14690092F4AB /* SortFilterViewController.swift */ = {isa = PBXFileReference; lastKnownFileType = sourcecode.swift; name = SortFilterViewController.swift; path = "Countdowns/View Controllers/SortFilterViewController.swift"; sourceTree = SOURCE_ROOT; };
		99EF7D0D235E14D90092F4AB /* AddEditEventViewController.swift */ = {isa = PBXFileReference; lastKnownFileType = sourcecode.swift; path = AddEditEventViewController.swift; sourceTree = "<group>"; };
		99EF7D11235E18DE0092F4AB /* Event.swift */ = {isa = PBXFileReference; lastKnownFileType = sourcecode.swift; path = Event.swift; sourceTree = "<group>"; };
		99EF7D13235E18EA0092F4AB /* EventController.swift */ = {isa = PBXFileReference; lastKnownFileType = sourcecode.swift; path = EventController.swift; sourceTree = "<group>"; };
/* End PBXFileReference section */

/* Begin PBXFrameworksBuildPhase section */
		99251D3B235E09400060D9FF /* Frameworks */ = {
			isa = PBXFrameworksBuildPhase;
			buildActionMask = 2147483647;
			files = (
			);
			runOnlyForDeploymentPostprocessing = 0;
		};
/* End PBXFrameworksBuildPhase section */

/* Begin PBXGroup section */
		99251D35235E09400060D9FF = {
			isa = PBXGroup;
			children = (
				99251D40235E09400060D9FF /* Countdowns */,
				99251D3F235E09400060D9FF /* Products */,
			);
			sourceTree = "<group>";
		};
		99251D3F235E09400060D9FF /* Products */ = {
			isa = PBXGroup;
			children = (
				99251D3E235E09400060D9FF /* Countdowns.app */,
			);
			name = Products;
			sourceTree = "<group>";
		};
		99251D40235E09400060D9FF /* Countdowns */ = {
			isa = PBXGroup;
			children = (
				9972B509235E0A320015E56B /* View Controllers */,
				9972B50C235E0A4B0015E56B /* Views */,
				99EF7D0F235E16A60092F4AB /* Models */,
				99EF7D10235E16AF0092F4AB /* Model Controllers */,
				9972B511235E0AD60015E56B /* Helpers */,
				99251D55235E09580060D9FF /* Resources */,
				99251D4F235E09420060D9FF /* Info.plist */,
			);
			path = Countdowns;
			sourceTree = "<group>";
		};
		99251D55235E09580060D9FF /* Resources */ = {
			isa = PBXGroup;
			children = (
				99251D47235E09400060D9FF /* Main.storyboard */,
				99251D41235E09400060D9FF /* AppDelegate.swift */,
				99251D43235E09400060D9FF /* SceneDelegate.swift */,
				99251D4A235E09420060D9FF /* Assets.xcassets */,
				99251D4C235E09420060D9FF /* LaunchScreen.storyboard */,
				99EF7D19235E3F550092F4AB /* img */,
			);
			path = Resources;
			sourceTree = "<group>";
		};
		9972B509235E0A320015E56B /* View Controllers */ = {
			isa = PBXGroup;
			children = (
				9972B507235E0A2E0015E56B /* CountdownsTableViewController.swift */,
				99EF7D0D235E14D90092F4AB /* AddEditEventViewController.swift */,
				99EF7D07235E13990092F4AB /* EventDetailViewController.swift */,
				99EF7D0B235E14690092F4AB /* SortFilterViewController.swift */,
			);
			path = "View Controllers";
			sourceTree = "<group>";
		};
		9972B50C235E0A4B0015E56B /* Views */ = {
			isa = PBXGroup;
			children = (
				9972B50A235E0A480015E56B /* CountdownTableViewCell.swift */,
				99480AE0235FA13300DC1D48 /* PickerDelegates.swift */,
			);
			path = Views;
			sourceTree = "<group>";
		};
		9972B511235E0AD60015E56B /* Helpers */ = {
			isa = PBXGroup;
			children = (
				998FB4572361029C00B1AF60 /* Notifications.swift */,
				9972B50F235E0AA00015E56B /* Strings.swift */,
				99480ADA235F5DBD00DC1D48 /* DateFormatters.swift */,
			);
			path = Helpers;
			sourceTree = "<group>";
		};
		99EF7D0F235E16A60092F4AB /* Models */ = {
			isa = PBXGroup;
			children = (
				99EF7D11235E18DE0092F4AB /* Event.swift */,
				99480ADC235F767700DC1D48 /* Tag.swift */,
			);
			path = Models;
			sourceTree = "<group>";
		};
		99EF7D10235E16AF0092F4AB /* Model Controllers */ = {
			isa = PBXGroup;
			children = (
				99EF7D13235E18EA0092F4AB /* EventController.swift */,
			);
			path = "Model Controllers";
			sourceTree = "<group>";
		};
		99EF7D19235E3F550092F4AB /* img */ = {
			isa = PBXGroup;
			children = (
				9972B505235E09A30015E56B /* Default-568h@2x.png */,
			);
			path = img;
			sourceTree = "<group>";
		};
/* End PBXGroup section */

/* Begin PBXNativeTarget section */
		99251D3D235E09400060D9FF /* Countdowns */ = {
			isa = PBXNativeTarget;
			buildConfigurationList = 99251D52235E09420060D9FF /* Build configuration list for PBXNativeTarget "Countdowns" */;
			buildPhases = (
				99251D3A235E09400060D9FF /* Sources */,
				99251D3B235E09400060D9FF /* Frameworks */,
				99251D3C235E09400060D9FF /* Resources */,
			);
			buildRules = (
			);
			dependencies = (
			);
			name = Countdowns;
			productName = Countdowns;
			productReference = 99251D3E235E09400060D9FF /* Countdowns.app */;
			productType = "com.apple.product-type.application";
		};
/* End PBXNativeTarget section */

/* Begin PBXProject section */
		99251D36235E09400060D9FF /* Project object */ = {
			isa = PBXProject;
			attributes = {
				LastSwiftUpdateCheck = 1110;
				LastUpgradeCheck = 1110;
				ORGANIZATIONNAME = "Jon Bash";
				TargetAttributes = {
					99251D3D235E09400060D9FF = {
						CreatedOnToolsVersion = 11.1;
					};
				};
			};
			buildConfigurationList = 99251D39235E09400060D9FF /* Build configuration list for PBXProject "Countdowns" */;
			compatibilityVersion = "Xcode 9.3";
			developmentRegion = en;
			hasScannedForEncodings = 0;
			knownRegions = (
				en,
				Base,
			);
			mainGroup = 99251D35235E09400060D9FF;
			productRefGroup = 99251D3F235E09400060D9FF /* Products */;
			projectDirPath = "";
			projectRoot = "";
			targets = (
				99251D3D235E09400060D9FF /* Countdowns */,
			);
		};
/* End PBXProject section */

/* Begin PBXResourcesBuildPhase section */
		99251D3C235E09400060D9FF /* Resources */ = {
			isa = PBXResourcesBuildPhase;
			buildActionMask = 2147483647;
			files = (
				99251D4E235E09420060D9FF /* LaunchScreen.storyboard in Resources */,
				9972B506235E09A30015E56B /* Default-568h@2x.png in Resources */,
				99251D4B235E09420060D9FF /* Assets.xcassets in Resources */,
				99251D49235E09400060D9FF /* Main.storyboard in Resources */,
			);
			runOnlyForDeploymentPostprocessing = 0;
		};
/* End PBXResourcesBuildPhase section */

/* Begin PBXSourcesBuildPhase section */
		99251D3A235E09400060D9FF /* Sources */ = {
			isa = PBXSourcesBuildPhase;
			buildActionMask = 2147483647;
			files = (
				99EF7D08235E13990092F4AB /* EventDetailViewController.swift in Sources */,
				99EF7D14235E18EA0092F4AB /* EventController.swift in Sources */,
				99251D42235E09400060D9FF /* AppDelegate.swift in Sources */,
				99480ADB235F5DBD00DC1D48 /* DateFormatters.swift in Sources */,
				9972B508235E0A2E0015E56B /* CountdownsTableViewController.swift in Sources */,
				99EF7D12235E18DE0092F4AB /* Event.swift in Sources */,
				9972B510235E0AA00015E56B /* Strings.swift in Sources */,
				99251D44235E09400060D9FF /* SceneDelegate.swift in Sources */,
				99480ADD235F767700DC1D48 /* Tag.swift in Sources */,
				99480AE1235FA13300DC1D48 /* PickerDelegates.swift in Sources */,
				998FB4582361029C00B1AF60 /* Notifications.swift in Sources */,
				99EF7D0C235E14690092F4AB /* SortFilterViewController.swift in Sources */,
				99EF7D0E235E14D90092F4AB /* AddEditEventViewController.swift in Sources */,
				9972B50B235E0A480015E56B /* CountdownTableViewCell.swift in Sources */,
			);
			runOnlyForDeploymentPostprocessing = 0;
		};
/* End PBXSourcesBuildPhase section */

/* Begin PBXVariantGroup section */
		99251D47235E09400060D9FF /* Main.storyboard */ = {
			isa = PBXVariantGroup;
			children = (
				99251D48235E09400060D9FF /* Base */,
			);
			name = Main.storyboard;
			sourceTree = "<group>";
		};
		99251D4C235E09420060D9FF /* LaunchScreen.storyboard */ = {
			isa = PBXVariantGroup;
			children = (
				99251D4D235E09420060D9FF /* Base */,
			);
			name = LaunchScreen.storyboard;
			sourceTree = "<group>";
		};
/* End PBXVariantGroup section */

/* Begin XCBuildConfiguration section */
		99251D50235E09420060D9FF /* Debug */ = {
			isa = XCBuildConfiguration;
			buildSettings = {
				ALWAYS_SEARCH_USER_PATHS = NO;
				CLANG_ANALYZER_NONNULL = YES;
				CLANG_ANALYZER_NUMBER_OBJECT_CONVERSION = YES_AGGRESSIVE;
				CLANG_CXX_LANGUAGE_STANDARD = "gnu++14";
				CLANG_CXX_LIBRARY = "libc++";
				CLANG_ENABLE_MODULES = YES;
				CLANG_ENABLE_OBJC_ARC = YES;
				CLANG_ENABLE_OBJC_WEAK = YES;
				CLANG_WARN_BLOCK_CAPTURE_AUTORELEASING = YES;
				CLANG_WARN_BOOL_CONVERSION = YES;
				CLANG_WARN_COMMA = YES;
				CLANG_WARN_CONSTANT_CONVERSION = YES;
				CLANG_WARN_DEPRECATED_OBJC_IMPLEMENTATIONS = YES;
				CLANG_WARN_DIRECT_OBJC_ISA_USAGE = YES_ERROR;
				CLANG_WARN_DOCUMENTATION_COMMENTS = YES;
				CLANG_WARN_EMPTY_BODY = YES;
				CLANG_WARN_ENUM_CONVERSION = YES;
				CLANG_WARN_INFINITE_RECURSION = YES;
				CLANG_WARN_INT_CONVERSION = YES;
				CLANG_WARN_NON_LITERAL_NULL_CONVERSION = YES;
				CLANG_WARN_OBJC_IMPLICIT_RETAIN_SELF = YES;
				CLANG_WARN_OBJC_LITERAL_CONVERSION = YES;
				CLANG_WARN_OBJC_ROOT_CLASS = YES_ERROR;
				CLANG_WARN_RANGE_LOOP_ANALYSIS = YES;
				CLANG_WARN_STRICT_PROTOTYPES = YES;
				CLANG_WARN_SUSPICIOUS_MOVE = YES;
				CLANG_WARN_UNGUARDED_AVAILABILITY = YES_AGGRESSIVE;
				CLANG_WARN_UNREACHABLE_CODE = YES;
				CLANG_WARN__DUPLICATE_METHOD_MATCH = YES;
				COPY_PHASE_STRIP = NO;
				DEBUG_INFORMATION_FORMAT = dwarf;
				ENABLE_STRICT_OBJC_MSGSEND = YES;
				ENABLE_TESTABILITY = YES;
				GCC_C_LANGUAGE_STANDARD = gnu11;
				GCC_DYNAMIC_NO_PIC = NO;
				GCC_NO_COMMON_BLOCKS = YES;
				GCC_OPTIMIZATION_LEVEL = 0;
				GCC_PREPROCESSOR_DEFINITIONS = (
					"DEBUG=1",
					"$(inherited)",
				);
				GCC_WARN_64_TO_32_BIT_CONVERSION = YES;
				GCC_WARN_ABOUT_RETURN_TYPE = YES_ERROR;
				GCC_WARN_UNDECLARED_SELECTOR = YES;
				GCC_WARN_UNINITIALIZED_AUTOS = YES_AGGRESSIVE;
				GCC_WARN_UNUSED_FUNCTION = YES;
				GCC_WARN_UNUSED_VARIABLE = YES;
				IPHONEOS_DEPLOYMENT_TARGET = 13.1;
				MTL_ENABLE_DEBUG_INFO = INCLUDE_SOURCE;
				MTL_FAST_MATH = YES;
				ONLY_ACTIVE_ARCH = YES;
				SDKROOT = iphoneos;
				SWIFT_ACTIVE_COMPILATION_CONDITIONS = DEBUG;
				SWIFT_OPTIMIZATION_LEVEL = "-Onone";
			};
			name = Debug;
		};
		99251D51235E09420060D9FF /* Release */ = {
			isa = XCBuildConfiguration;
			buildSettings = {
				ALWAYS_SEARCH_USER_PATHS = NO;
				CLANG_ANALYZER_NONNULL = YES;
				CLANG_ANALYZER_NUMBER_OBJECT_CONVERSION = YES_AGGRESSIVE;
				CLANG_CXX_LANGUAGE_STANDARD = "gnu++14";
				CLANG_CXX_LIBRARY = "libc++";
				CLANG_ENABLE_MODULES = YES;
				CLANG_ENABLE_OBJC_ARC = YES;
				CLANG_ENABLE_OBJC_WEAK = YES;
				CLANG_WARN_BLOCK_CAPTURE_AUTORELEASING = YES;
				CLANG_WARN_BOOL_CONVERSION = YES;
				CLANG_WARN_COMMA = YES;
				CLANG_WARN_CONSTANT_CONVERSION = YES;
				CLANG_WARN_DEPRECATED_OBJC_IMPLEMENTATIONS = YES;
				CLANG_WARN_DIRECT_OBJC_ISA_USAGE = YES_ERROR;
				CLANG_WARN_DOCUMENTATION_COMMENTS = YES;
				CLANG_WARN_EMPTY_BODY = YES;
				CLANG_WARN_ENUM_CONVERSION = YES;
				CLANG_WARN_INFINITE_RECURSION = YES;
				CLANG_WARN_INT_CONVERSION = YES;
				CLANG_WARN_NON_LITERAL_NULL_CONVERSION = YES;
				CLANG_WARN_OBJC_IMPLICIT_RETAIN_SELF = YES;
				CLANG_WARN_OBJC_LITERAL_CONVERSION = YES;
				CLANG_WARN_OBJC_ROOT_CLASS = YES_ERROR;
				CLANG_WARN_RANGE_LOOP_ANALYSIS = YES;
				CLANG_WARN_STRICT_PROTOTYPES = YES;
				CLANG_WARN_SUSPICIOUS_MOVE = YES;
				CLANG_WARN_UNGUARDED_AVAILABILITY = YES_AGGRESSIVE;
				CLANG_WARN_UNREACHABLE_CODE = YES;
				CLANG_WARN__DUPLICATE_METHOD_MATCH = YES;
				COPY_PHASE_STRIP = NO;
				DEBUG_INFORMATION_FORMAT = "dwarf-with-dsym";
				ENABLE_NS_ASSERTIONS = NO;
				ENABLE_STRICT_OBJC_MSGSEND = YES;
				GCC_C_LANGUAGE_STANDARD = gnu11;
				GCC_NO_COMMON_BLOCKS = YES;
				GCC_WARN_64_TO_32_BIT_CONVERSION = YES;
				GCC_WARN_ABOUT_RETURN_TYPE = YES_ERROR;
				GCC_WARN_UNDECLARED_SELECTOR = YES;
				GCC_WARN_UNINITIALIZED_AUTOS = YES_AGGRESSIVE;
				GCC_WARN_UNUSED_FUNCTION = YES;
				GCC_WARN_UNUSED_VARIABLE = YES;
				IPHONEOS_DEPLOYMENT_TARGET = 13.1;
				MTL_ENABLE_DEBUG_INFO = NO;
				MTL_FAST_MATH = YES;
				SDKROOT = iphoneos;
				SWIFT_COMPILATION_MODE = wholemodule;
				SWIFT_OPTIMIZATION_LEVEL = "-O";
				VALIDATE_PRODUCT = YES;
			};
			name = Release;
		};
		99251D53235E09420060D9FF /* Debug */ = {
			isa = XCBuildConfiguration;
			buildSettings = {
				ASSETCATALOG_COMPILER_APPICON_NAME = AppIcon;
				CODE_SIGN_STYLE = Automatic;
				CURRENT_PROJECT_VERSION = 3;
				DEVELOPMENT_TEAM = 22X3GA956P;
				INFOPLIST_FILE = Countdowns/Info.plist;
				LD_RUNPATH_SEARCH_PATHS = (
					"$(inherited)",
					"@executable_path/Frameworks",
				);
				MARKETING_VERSION = 0.1.4;
				PRODUCT_BUNDLE_IDENTIFIER = com.jonbash.Countdowns;
				PRODUCT_NAME = "$(TARGET_NAME)";
				SWIFT_VERSION = 5.0;
				TARGETED_DEVICE_FAMILY = "1,2";
			};
			name = Debug;
		};
		99251D54235E09420060D9FF /* Release */ = {
			isa = XCBuildConfiguration;
			buildSettings = {
				ASSETCATALOG_COMPILER_APPICON_NAME = AppIcon;
				CODE_SIGN_STYLE = Automatic;
				CURRENT_PROJECT_VERSION = 3;
				DEVELOPMENT_TEAM = 22X3GA956P;
				INFOPLIST_FILE = Countdowns/Info.plist;
				LD_RUNPATH_SEARCH_PATHS = (
					"$(inherited)",
					"@executable_path/Frameworks",
				);
				MARKETING_VERSION = 0.1.4;
				PRODUCT_BUNDLE_IDENTIFIER = com.jonbash.Countdowns;
				PRODUCT_NAME = "$(TARGET_NAME)";
				SWIFT_VERSION = 5.0;
				TARGETED_DEVICE_FAMILY = "1,2";
			};
			name = Release;
		};
/* End XCBuildConfiguration section */

/* Begin XCConfigurationList section */
		99251D39235E09400060D9FF /* Build configuration list for PBXProject "Countdowns" */ = {
			isa = XCConfigurationList;
			buildConfigurations = (
				99251D50235E09420060D9FF /* Debug */,
				99251D51235E09420060D9FF /* Release */,
			);
			defaultConfigurationIsVisible = 0;
			defaultConfigurationName = Release;
		};
		99251D52235E09420060D9FF /* Build configuration list for PBXNativeTarget "Countdowns" */ = {
			isa = XCConfigurationList;
			buildConfigurations = (
				99251D53235E09420060D9FF /* Debug */,
				99251D54235E09420060D9FF /* Release */,
			);
			defaultConfigurationIsVisible = 0;
			defaultConfigurationName = Release;
		};
/* End XCConfigurationList section */
	};
	rootObject = 99251D36235E09400060D9FF /* Project object */;
}
